
Microsoft Visual Studio Solution File, Format Version 12.00
# Visual Studio Version 17
VisualStudioVersion = 17.0.31903.59
MinimumVisualStudioVersion = 10.0.40219.1
Project("{2150E333-8FDC-42A3-9474-1A3956D46DE8}") = "src", "src", "{827E0CD3-B72D-47B6-A68D-7590B98EB39B}"
EndProject
Project("{FAE04EC0-301F-11D3-BF4B-00C04F79EFBC}") = "Application", "src\Application\Application.csproj", "{1D63712C-14DC-4DB7-9D26-1D7C827197C0}"
EndProject
Project("{FAE04EC0-301F-11D3-BF4B-00C04F79EFBC}") = "Domain", "src\Domain\Domain.csproj", "{A19435EB-6DB9-40F9-A5F7-04E52E8952C7}"
EndProject
Project("{FAE04EC0-301F-11D3-BF4B-00C04F79EFBC}") = "SharedKernel", "src\SharedKernel\SharedKernel.csproj", "{2C93AA12-6DA7-4566-AE9E-0F1406BBF7C5}"
EndProject
Project("{FAE04EC0-301F-11D3-BF4B-00C04F79EFBC}") = "InClass.Api", "src\InClass.Api\InClass.Api.csproj", "{C98BC849-D0B4-4D02-B582-F0A5D167B52C}"
EndProject
Project("{FAE04EC0-301F-11D3-BF4B-00C04F79EFBC}") = "Infrastructure", "src\Infrastructure\Infrastructure.csproj", "{F7B3EC67-DFA4-418C-ACA5-84A0CC7C4F4B}"
EndProject
Project("{2150E333-8FDC-42A3-9474-1A3956D46DE8}") = "tests", "tests", "{0AB3BF05-4346-4AA6-1389-037BE0695223}"
EndProject
Project("{FAE04EC0-301F-11D3-BF4B-00C04F79EFBC}") = "ArchitectureTests", "tests\ArchitectureTests\ArchitectureTests.csproj", "{EE6AE23B-3C1E-4E93-9277-CB788A985A24}"
EndProject
Global
	GlobalSection(SolutionConfigurationPlatforms) = preSolution
		Debug|Any CPU = Debug|Any CPU
		Debug|x64 = Debug|x64
		Debug|x86 = Debug|x86
		Release|Any CPU = Release|Any CPU
		Release|x64 = Release|x64
		Release|x86 = Release|x86
	EndGlobalSection
	GlobalSection(ProjectConfigurationPlatforms) = postSolution
		{1D63712C-14DC-4DB7-9D26-1D7C827197C0}.Debug|Any CPU.ActiveCfg = Debug|Any CPU
		{1D63712C-14DC-4DB7-9D26-1D7C827197C0}.Debug|Any CPU.Build.0 = Debug|Any CPU
		{1D63712C-14DC-4DB7-9D26-1D7C827197C0}.Debug|x64.ActiveCfg = Debug|Any CPU
		{1D63712C-14DC-4DB7-9D26-1D7C827197C0}.Debug|x64.Build.0 = Debug|Any CPU
		{1D63712C-14DC-4DB7-9D26-1D7C827197C0}.Debug|x86.ActiveCfg = Debug|Any CPU
		{1D63712C-14DC-4DB7-9D26-1D7C827197C0}.Debug|x86.Build.0 = Debug|Any CPU
		{1D63712C-14DC-4DB7-9D26-1D7C827197C0}.Release|Any CPU.ActiveCfg = Release|Any CPU
		{1D63712C-14DC-4DB7-9D26-1D7C827197C0}.Release|Any CPU.Build.0 = Release|Any CPU
		{1D63712C-14DC-4DB7-9D26-1D7C827197C0}.Release|x64.ActiveCfg = Release|Any CPU
		{1D63712C-14DC-4DB7-9D26-1D7C827197C0}.Release|x64.Build.0 = Release|Any CPU
		{1D63712C-14DC-4DB7-9D26-1D7C827197C0}.Release|x86.ActiveCfg = Release|Any CPU
		{1D63712C-14DC-4DB7-9D26-1D7C827197C0}.Release|x86.Build.0 = Release|Any CPU
		{A19435EB-6DB9-40F9-A5F7-04E52E8952C7}.Debug|Any CPU.ActiveCfg = Debug|Any CPU
		{A19435EB-6DB9-40F9-A5F7-04E52E8952C7}.Debug|Any CPU.Build.0 = Debug|Any CPU
		{A19435EB-6DB9-40F9-A5F7-04E52E8952C7}.Debug|x64.ActiveCfg = Debug|Any CPU
		{A19435EB-6DB9-40F9-A5F7-04E52E8952C7}.Debug|x64.Build.0 = Debug|Any CPU
		{A19435EB-6DB9-40F9-A5F7-04E52E8952C7}.Debug|x86.ActiveCfg = Debug|Any CPU
		{A19435EB-6DB9-40F9-A5F7-04E52E8952C7}.Debug|x86.Build.0 = Debug|Any CPU
		{A19435EB-6DB9-40F9-A5F7-04E52E8952C7}.Release|Any CPU.ActiveCfg = Release|Any CPU
		{A19435EB-6DB9-40F9-A5F7-04E52E8952C7}.Release|Any CPU.Build.0 = Release|Any CPU
		{A19435EB-6DB9-40F9-A5F7-04E52E8952C7}.Release|x64.ActiveCfg = Release|Any CPU
		{A19435EB-6DB9-40F9-A5F7-04E52E8952C7}.Release|x64.Build.0 = Release|Any CPU
		{A19435EB-6DB9-40F9-A5F7-04E52E8952C7}.Release|x86.ActiveCfg = Release|Any CPU
		{A19435EB-6DB9-40F9-A5F7-04E52E8952C7}.Release|x86.Build.0 = Release|Any CPU
		{2C93AA12-6DA7-4566-AE9E-0F1406BBF7C5}.Debug|Any CPU.ActiveCfg = Debug|Any CPU
		{2C93AA12-6DA7-4566-AE9E-0F1406BBF7C5}.Debug|Any CPU.Build.0 = Debug|Any CPU
		{2C93AA12-6DA7-4566-AE9E-0F1406BBF7C5}.Debug|x64.ActiveCfg = Debug|Any CPU
		{2C93AA12-6DA7-4566-AE9E-0F1406BBF7C5}.Debug|x64.Build.0 = Debug|Any CPU
		{2C93AA12-6DA7-4566-AE9E-0F1406BBF7C5}.Debug|x86.ActiveCfg = Debug|Any CPU
		{2C93AA12-6DA7-4566-AE9E-0F1406BBF7C5}.Debug|x86.Build.0 = Debug|Any CPU
		{2C93AA12-6DA7-4566-AE9E-0F1406BBF7C5}.Release|Any CPU.ActiveCfg = Release|Any CPU
		{2C93AA12-6DA7-4566-AE9E-0F1406BBF7C5}.Release|Any CPU.Build.0 = Release|Any CPU
		{2C93AA12-6DA7-4566-AE9E-0F1406BBF7C5}.Release|x64.ActiveCfg = Release|Any CPU
		{2C93AA12-6DA7-4566-AE9E-0F1406BBF7C5}.Release|x64.Build.0 = Release|Any CPU
		{2C93AA12-6DA7-4566-AE9E-0F1406BBF7C5}.Release|x86.ActiveCfg = Release|Any CPU
		{2C93AA12-6DA7-4566-AE9E-0F1406BBF7C5}.Release|x86.Build.0 = Release|Any CPU
		{C98BC849-D0B4-4D02-B582-F0A5D167B52C}.Debug|Any CPU.ActiveCfg = Debug|Any CPU
		{C98BC849-D0B4-4D02-B582-F0A5D167B52C}.Debug|Any CPU.Build.0 = Debug|Any CPU
		{C98BC849-D0B4-4D02-B582-F0A5D167B52C}.Debug|x64.ActiveCfg = Debug|Any CPU
		{C98BC849-D0B4-4D02-B582-F0A5D167B52C}.Debug|x64.Build.0 = Debug|Any CPU
		{C98BC849-D0B4-4D02-B582-F0A5D167B52C}.Debug|x86.ActiveCfg = Debug|Any CPU
		{C98BC849-D0B4-4D02-B582-F0A5D167B52C}.Debug|x86.Build.0 = Debug|Any CPU
		{C98BC849-D0B4-4D02-B582-F0A5D167B52C}.Release|Any CPU.ActiveCfg = Release|Any CPU
		{C98BC849-D0B4-4D02-B582-F0A5D167B52C}.Release|Any CPU.Build.0 = Release|Any CPU
		{C98BC849-D0B4-4D02-B582-F0A5D167B52C}.Release|x64.ActiveCfg = Release|Any CPU
		{C98BC849-D0B4-4D02-B582-F0A5D167B52C}.Release|x64.Build.0 = Release|Any CPU
		{C98BC849-D0B4-4D02-B582-F0A5D167B52C}.Release|x86.ActiveCfg = Release|Any CPU
		{C98BC849-D0B4-4D02-B582-F0A5D167B52C}.Release|x86.Build.0 = Release|Any CPU
		{F7B3EC67-DFA4-418C-ACA5-84A0CC7C4F4B}.Debug|Any CPU.ActiveCfg = Debug|Any CPU
		{F7B3EC67-DFA4-418C-ACA5-84A0CC7C4F4B}.Debug|Any CPU.Build.0 = Debug|Any CPU
		{F7B3EC67-DFA4-418C-ACA5-84A0CC7C4F4B}.Debug|x64.ActiveCfg = Debug|Any CPU
		{F7B3EC67-DFA4-418C-ACA5-84A0CC7C4F4B}.Debug|x64.Build.0 = Debug|Any CPU
		{F7B3EC67-DFA4-418C-ACA5-84A0CC7C4F4B}.Debug|x86.ActiveCfg = Debug|Any CPU
		{F7B3EC67-DFA4-418C-ACA5-84A0CC7C4F4B}.Debug|x86.Build.0 = Debug|Any CPU
		{F7B3EC67-DFA4-418C-ACA5-84A0CC7C4F4B}.Release|Any CPU.ActiveCfg = Release|Any CPU
		{F7B3EC67-DFA4-418C-ACA5-84A0CC7C4F4B}.Release|Any CPU.Build.0 = Release|Any CPU
		{F7B3EC67-DFA4-418C-ACA5-84A0CC7C4F4B}.Release|x64.ActiveCfg = Release|Any CPU
		{F7B3EC67-DFA4-418C-ACA5-84A0CC7C4F4B}.Release|x64.Build.0 = Release|Any CPU
		{F7B3EC67-DFA4-418C-ACA5-84A0CC7C4F4B}.Release|x86.ActiveCfg = Release|Any CPU
		{F7B3EC67-DFA4-418C-ACA5-84A0CC7C4F4B}.Release|x86.Build.0 = Release|Any CPU
		{EE6AE23B-3C1E-4E93-9277-CB788A985A24}.Debug|Any CPU.ActiveCfg = Debug|Any CPU
		{EE6AE23B-3C1E-4E93-9277-CB788A985A24}.Debug|Any CPU.Build.0 = Debug|Any CPU
		{EE6AE23B-3C1E-4E93-9277-CB788A985A24}.Debug|x64.ActiveCfg = Debug|Any CPU
		{EE6AE23B-3C1E-4E93-9277-CB788A985A24}.Debug|x64.Build.0 = Debug|Any CPU
		{EE6AE23B-3C1E-4E93-9277-CB788A985A24}.Debug|x86.ActiveCfg = Debug|Any CPU
		{EE6AE23B-3C1E-4E93-9277-CB788A985A24}.Debug|x86.Build.0 = Debug|Any CPU
		{EE6AE23B-3C1E-4E93-9277-CB788A985A24}.Release|Any CPU.ActiveCfg = Release|Any CPU
		{EE6AE23B-3C1E-4E93-9277-CB788A985A24}.Release|Any CPU.Build.0 = Release|Any CPU
		{EE6AE23B-3C1E-4E93-9277-CB788A985A24}.Release|x64.ActiveCfg = Release|Any CPU
		{EE6AE23B-3C1E-4E93-9277-CB788A985A24}.Release|x64.Build.0 = Release|Any CPU
		{EE6AE23B-3C1E-4E93-9277-CB788A985A24}.Release|x86.ActiveCfg = Release|Any CPU
		{EE6AE23B-3C1E-4E93-9277-CB788A985A24}.Release|x86.Build.0 = Release|Any CPU
	EndGlobalSection
	GlobalSection(SolutionProperties) = preSolution
		HideSolutionNode = FALSE
	EndGlobalSection
	GlobalSection(NestedProjects) = preSolution
		{1D63712C-14DC-4DB7-9D26-1D7C827197C0} = {827E0CD3-B72D-47B6-A68D-7590B98EB39B}
		{A19435EB-6DB9-40F9-A5F7-04E52E8952C7} = {827E0CD3-B72D-47B6-A68D-7590B98EB39B}
		{2C93AA12-6DA7-4566-AE9E-0F1406BBF7C5} = {827E0CD3-B72D-47B6-A68D-7590B98EB39B}
		{C98BC849-D0B4-4D02-B582-F0A5D167B52C} = {827E0CD3-B72D-47B6-A68D-7590B98EB39B}
		{F7B3EC67-DFA4-418C-ACA5-84A0CC7C4F4B} = {827E0CD3-B72D-47B6-A68D-7590B98EB39B}
		{EE6AE23B-3C1E-4E93-9277-CB788A985A24} = {0AB3BF05-4346-4AA6-1389-037BE0695223}
	EndGlobalSection
EndGlobal
